// !$*UTF8*$!
{
	archiveVersion = 1;
	classes = {
	};
	objectVersion = 50;
	objects = {

/* Begin PBXBuildFile section */
		B952FDF2274170FEEAF4DF52 /* Pods_SO_31699439.framework in Frameworks */ = {isa = PBXBuildFile; fileRef = F389EE1F790BED81DDBA979B /* Pods_SO_31699439.framework */; settings = {ATTRIBUTES = (Weak, ); }; };
		DCD1A9BF1B8FC64F00E6DB76 /* AppDelegate.swift in Sources */ = {isa = PBXBuildFile; fileRef = DCD1A9BE1B8FC64F00E6DB76 /* AppDelegate.swift */; };
		DCD1A9C11B8FC64F00E6DB76 /* ViewController.swift in Sources */ = {isa = PBXBuildFile; fileRef = DCD1A9C01B8FC64F00E6DB76 /* ViewController.swift */; };
		DCD1A9C41B8FC64F00E6DB76 /* Main.storyboard in Resources */ = {isa = PBXBuildFile; fileRef = DCD1A9C21B8FC64F00E6DB76 /* Main.storyboard */; };
		DCD1A9C61B8FC64F00E6DB76 /* Images.xcassets in Resources */ = {isa = PBXBuildFile; fileRef = DCD1A9C51B8FC64F00E6DB76 /* Images.xcassets */; };
		DCD1A9C91B8FC64F00E6DB76 /* LaunchScreen.xib in Resources */ = {isa = PBXBuildFile; fileRef = DCD1A9C71B8FC64F00E6DB76 /* LaunchScreen.xib */; };
		DCFCE0902102A83400CDD8D0 /* Podfile in Resources */ = {isa = PBXBuildFile; fileRef = DCFCE08F2102A83400CDD8D0 /* Podfile */; };
/* End PBXBuildFile section */

/* Begin PBXFileReference section */
		559149A49928C3B41341E7A6 /* Pods-SO-31699439.release.xcconfig */ = {isa = PBXFileReference; includeInIndex = 1; lastKnownFileType = text.xcconfig; name = "Pods-SO-31699439.release.xcconfig"; path = "Pods/Target Support Files/Pods-SO-31699439/Pods-SO-31699439.release.xcconfig"; sourceTree = "<group>"; };
		D9ECFD851104A785030ED96A /* Pods-SO-31699439.debug.xcconfig */ = {isa = PBXFileReference; includeInIndex = 1; lastKnownFileType = text.xcconfig; name = "Pods-SO-31699439.debug.xcconfig"; path = "Pods/Target Support Files/Pods-SO-31699439/Pods-SO-31699439.debug.xcconfig"; sourceTree = "<group>"; };
		DCD1A9B91B8FC64F00E6DB76 /* SO-31699439.app */ = {isa = PBXFileReference; explicitFileType = wrapper.application; includeInIndex = 0; path = "SO-31699439.app"; sourceTree = BUILT_PRODUCTS_DIR; };
		DCD1A9BD1B8FC64F00E6DB76 /* Info.plist */ = {isa = PBXFileReference; lastKnownFileType = text.plist.xml; path = Info.plist; sourceTree = "<group>"; };
		DCD1A9BE1B8FC64F00E6DB76 /* AppDelegate.swift */ = {isa = PBXFileReference; lastKnownFileType = sourcecode.swift; path = AppDelegate.swift; sourceTree = "<group>"; };
		DCD1A9C01B8FC64F00E6DB76 /* ViewController.swift */ = {isa = PBXFileReference; lastKnownFileType = sourcecode.swift; path = ViewController.swift; sourceTree = "<group>"; };
		DCD1A9C31B8FC64F00E6DB76 /* Base */ = {isa = PBXFileReference; lastKnownFileType = file.storyboard; name = Base; path = Base.lproj/Main.storyboard; sourceTree = "<group>"; };
		DCD1A9C51B8FC64F00E6DB76 /* Images.xcassets */ = {isa = PBXFileReference; lastKnownFileType = folder.assetcatalog; path = Images.xcassets; sourceTree = "<group>"; };
		DCD1A9C81B8FC64F00E6DB76 /* Base */ = {isa = PBXFileReference; lastKnownFileType = file.xib; name = Base; path = Base.lproj/LaunchScreen.xib; sourceTree = "<group>"; };
		DCFCE08F2102A83400CDD8D0 /* Podfile */ = {isa = PBXFileReference; fileEncoding = 4; lastKnownFileType = text; path = Podfile; sourceTree = SOURCE_ROOT; };
		F389EE1F790BED81DDBA979B /* Pods_SO_31699439.framework */ = {isa = PBXFileReference; explicitFileType = wrapper.framework; includeInIndex = 0; path = Pods_SO_31699439.framework; sourceTree = BUILT_PRODUCTS_DIR; };
/* End PBXFileReference section */

/* Begin PBXFrameworksBuildPhase section */
		DCD1A9B61B8FC64F00E6DB76 /* Frameworks */ = {
			isa = PBXFrameworksBuildPhase;
			buildActionMask = 2147483647;
			files = (
				B952FDF2274170FEEAF4DF52 /* Pods_SO_31699439.framework in Frameworks */,
			);
			runOnlyForDeploymentPostprocessing = 0;
		};
/* End PBXFrameworksBuildPhase section */

/* Begin PBXGroup section */
		286DDBDB893AF4F56CCD4E2E /* Pods */ = {
			isa = PBXGroup;
			children = (
				D9ECFD851104A785030ED96A /* Pods-SO-31699439.debug.xcconfig */,
				559149A49928C3B41341E7A6 /* Pods-SO-31699439.release.xcconfig */,
			);
			name = Pods;
			sourceTree = "<group>";
		};
		982F6A8B029B64AAB9DA2A0B /* Frameworks */ = {
			isa = PBXGroup;
			children = (
				F389EE1F790BED81DDBA979B /* Pods_SO_31699439.framework */,
			);
			name = Frameworks;
			sourceTree = "<group>";
		};
		DCD1A9B01B8FC64F00E6DB76 = {
			isa = PBXGroup;
			children = (
				DCD1A9BB1B8FC64F00E6DB76 /* SO-31699439 */,
				DCD1A9BA1B8FC64F00E6DB76 /* Products */,
				286DDBDB893AF4F56CCD4E2E /* Pods */,
				982F6A8B029B64AAB9DA2A0B /* Frameworks */,
			);
			sourceTree = "<group>";
		};
		DCD1A9BA1B8FC64F00E6DB76 /* Products */ = {
			isa = PBXGroup;
			children = (
				DCD1A9B91B8FC64F00E6DB76 /* SO-31699439.app */,
			);
			name = Products;
			sourceTree = "<group>";
		};
		DCD1A9BB1B8FC64F00E6DB76 /* SO-31699439 */ = {
			isa = PBXGroup;
			children = (
				DCFCE08F2102A83400CDD8D0 /* Podfile */,
				DCD1A9BE1B8FC64F00E6DB76 /* AppDelegate.swift */,
				DCD1A9C01B8FC64F00E6DB76 /* ViewController.swift */,
				DCD1A9C21B8FC64F00E6DB76 /* Main.storyboard */,
				DCD1A9C51B8FC64F00E6DB76 /* Images.xcassets */,
				DCD1A9C71B8FC64F00E6DB76 /* LaunchScreen.xib */,
				DCD1A9BC1B8FC64F00E6DB76 /* Supporting Files */,
			);
			path = "SO-31699439";
			sourceTree = "<group>";
		};
		DCD1A9BC1B8FC64F00E6DB76 /* Supporting Files */ = {
			isa = PBXGroup;
			children = (
				DCD1A9BD1B8FC64F00E6DB76 /* Info.plist */,
			);
			name = "Supporting Files";
			sourceTree = "<group>";
		};
/* End PBXGroup section */

/* Begin PBXNativeTarget section */
		DCD1A9B81B8FC64F00E6DB76 /* SO-31699439 */ = {
			isa = PBXNativeTarget;
			buildConfigurationList = DCD1A9D81B8FC64F00E6DB76 /* Build configuration list for PBXNativeTarget "SO-31699439" */;
			buildPhases = (
				F76B62164DBA7358E9A1E9F3 /* [CP] Check Pods Manifest.lock */,
				DCD1A9B51B8FC64F00E6DB76 /* Sources */,
				DCD1A9B61B8FC64F00E6DB76 /* Frameworks */,
				DCD1A9B71B8FC64F00E6DB76 /* Resources */,
				32064150416ACE1B4F85F70C /* [CP] Embed Pods Frameworks */,
			);
			buildRules = (
			);
			dependencies = (
			);
			name = "SO-31699439";
			productName = "SO-31699439";
			productReference = DCD1A9B91B8FC64F00E6DB76 /* SO-31699439.app */;
			productType = "com.apple.product-type.application";
		};
/* End PBXNativeTarget section */

/* Begin PBXProject section */
		DCD1A9B11B8FC64F00E6DB76 /* Project object */ = {
			isa = PBXProject;
			attributes = {
				LastSwiftUpdateCheck = 0700;
				LastUpgradeCheck = 0940;
				ORGANIZATIONNAME = SwiftArchitect;
				TargetAttributes = {
					DCD1A9B81B8FC64F00E6DB76 = {
						CreatedOnToolsVersion = 6.4;
						LastSwiftMigration = 0940;
					};
				};
			};
			buildConfigurationList = DCD1A9B41B8FC64F00E6DB76 /* Build configuration list for PBXProject "SO-31699439" */;
			compatibilityVersion = "Xcode 9.3";
			developmentRegion = English;
			hasScannedForEncodings = 0;
			knownRegions = (
				en,
				Base,
			);
			mainGroup = DCD1A9B01B8FC64F00E6DB76;
			productRefGroup = DCD1A9BA1B8FC64F00E6DB76 /* Products */;
			projectDirPath = "";
			projectRoot = "";
			targets = (
				DCD1A9B81B8FC64F00E6DB76 /* SO-31699439 */,
			);
		};
/* End PBXProject section */

/* Begin PBXResourcesBuildPhase section */
		DCD1A9B71B8FC64F00E6DB76 /* Resources */ = {
			isa = PBXResourcesBuildPhase;
			buildActionMask = 2147483647;
			files = (
				DCD1A9C41B8FC64F00E6DB76 /* Main.storyboard in Resources */,
				DCD1A9C91B8FC64F00E6DB76 /* LaunchScreen.xib in Resources */,
				DCFCE0902102A83400CDD8D0 /* Podfile in Resources */,
				DCD1A9C61B8FC64F00E6DB76 /* Images.xcassets in Resources */,
			);
			runOnlyForDeploymentPostprocessing = 0;
		};
/* End PBXResourcesBuildPhase section */

/* Begin PBXShellScriptBuildPhase section */
		32064150416ACE1B4F85F70C /* [CP] Embed Pods Frameworks */ = {
			isa = PBXShellScriptBuildPhase;
			buildActionMask = 2147483647;
			files = (
			);
			inputPaths = (
				"${SRCROOT}/Pods/Target Support Files/Pods-SO-31699439/Pods-SO-31699439-frameworks.sh",
				"${BUILT_PRODUCTS_DIR}/GCHelper/GCHelper.framework",
			);
			name = "[CP] Embed Pods Frameworks";
			outputPaths = (
				"${TARGET_BUILD_DIR}/${FRAMEWORKS_FOLDER_PATH}/GCHelper.framework",
			);
			runOnlyForDeploymentPostprocessing = 0;
			shellPath = /bin/sh;
			shellScript = "\"${SRCROOT}/Pods/Target Support Files/Pods-SO-31699439/Pods-SO-31699439-frameworks.sh\"\n";
			showEnvVarsInLog = 0;
		};
		F76B62164DBA7358E9A1E9F3 /* [CP] Check Pods Manifest.lock */ = {
			isa = PBXShellScriptBuildPhase;
			buildActionMask = 2147483647;
			files = (
			);
			inputPaths = (
				"${PODS_PODFILE_DIR_PATH}/Podfile.lock",
				"${PODS_ROOT}/Manifest.lock",
			);
			name = "[CP] Check Pods Manifest.lock";
			outputPaths = (
				"$(DERIVED_FILE_DIR)/Pods-SO-31699439-checkManifestLockResult.txt",
			);
			runOnlyForDeploymentPostprocessing = 0;
			shellPath = /bin/sh;
			shellScript = "diff \"${PODS_PODFILE_DIR_PATH}/Podfile.lock\" \"${PODS_ROOT}/Manifest.lock\" > /dev/null\nif [ $? != 0 ] ; then\n    # print error to STDERR\n    echo \"error: The sandbox is not in sync with the Podfile.lock. Run 'pod install' or update your CocoaPods installation.\" >&2\n    exit 1\nfi\n# This output is used by Xcode 'outputs' to avoid re-running this script phase.\necho \"SUCCESS\" > \"${SCRIPT_OUTPUT_FILE_0}\"\n";
			showEnvVarsInLog = 0;
		};
/* End PBXShellScriptBuildPhase section */

/* Begin PBXSourcesBuildPhase section */
		DCD1A9B51B8FC64F00E6DB76 /* Sources */ = {
			isa = PBXSourcesBuildPhase;
			buildActionMask = 2147483647;
			files = (
				DCD1A9C11B8FC64F00E6DB76 /* ViewController.swift in Sources */,
				DCD1A9BF1B8FC64F00E6DB76 /* AppDelegate.swift in Sources */,
			);
			runOnlyForDeploymentPostprocessing = 0;
		};
/* End PBXSourcesBuildPhase section */

/* Begin PBXVariantGroup section */
		DCD1A9C21B8FC64F00E6DB76 /* Main.storyboard */ = {
			isa = PBXVariantGroup;
			children = (
				DCD1A9C31B8FC64F00E6DB76 /* Base */,
			);
			name = Main.storyboard;
			sourceTree = "<group>";
		};
		DCD1A9C71B8FC64F00E6DB76 /* LaunchScreen.xib */ = {
			isa = PBXVariantGroup;
			children = (
				DCD1A9C81B8FC64F00E6DB76 /* Base */,
			);
			name = LaunchScreen.xib;
			sourceTree = "<group>";
		};
/* End PBXVariantGroup section */

/* Begin XCBuildConfiguration section */
		DCD1A9D61B8FC64F00E6DB76 /* Debug */ = {
			isa = XCBuildConfiguration;
			buildSettings = {
				ALWAYS_SEARCH_USER_PATHS = NO;
				CLANG_CXX_LANGUAGE_STANDARD = "gnu++0x";
				CLANG_CXX_LIBRARY = "libc++";
				CLANG_ENABLE_MODULES = YES;
				CLANG_ENABLE_OBJC_ARC = YES;
				CLANG_WARN_BLOCK_CAPTURE_AUTORELEASING = YES;
				CLANG_WARN_BOOL_CONVERSION = YES;
				CLANG_WARN_COMMA = YES;
				CLANG_WARN_CONSTANT_CONVERSION = YES;
				CLANG_WARN_DEPRECATED_OBJC_IMPLEMENTATIONS = YES;
				CLANG_WARN_DIRECT_OBJC_ISA_USAGE = YES_ERROR;
				CLANG_WARN_EMPTY_BODY = YES;
				CLANG_WARN_ENUM_CONVERSION = YES;
				CLANG_WARN_INFINITE_RECURSION = YES;
				CLANG_WARN_INT_CONVERSION = YES;
				CLANG_WARN_NON_LITERAL_NULL_CONVERSION = YES;
				CLANG_WARN_OBJC_IMPLICIT_RETAIN_SELF = YES;
				CLANG_WARN_OBJC_LITERAL_CONVERSION = YES;
				CLANG_WARN_OBJC_ROOT_CLASS = YES_ERROR;
				CLANG_WARN_RANGE_LOOP_ANALYSIS = YES;
				CLANG_WARN_STRICT_PROTOTYPES = YES;
				CLANG_WARN_SUSPICIOUS_MOVE = YES;
				CLANG_WARN_UNREACHABLE_CODE = YES;
				CLANG_WARN__DUPLICATE_METHOD_MATCH = YES;
				"CODE_SIGN_IDENTITY[sdk=iphoneos*]" = "iPhone Developer";
				COPY_PHASE_STRIP = NO;
				DEBUG_INFORMATION_FORMAT = "dwarf-with-dsym";
				ENABLE_STRICT_OBJC_MSGSEND = YES;
				ENABLE_TESTABILITY = YES;
				GCC_C_LANGUAGE_STANDARD = gnu99;
				GCC_DYNAMIC_NO_PIC = NO;
				GCC_NO_COMMON_BLOCKS = YES;
				GCC_OPTIMIZATION_LEVEL = 0;
				GCC_PREPROCESSOR_DEFINITIONS = (
					"DEBUG=1",
					"$(inherited)",
				);
				GCC_SYMBOLS_PRIVATE_EXTERN = NO;
				GCC_WARN_64_TO_32_BIT_CONVERSION = YES;
				GCC_WARN_ABOUT_RETURN_TYPE = YES_ERROR;
				GCC_WARN_UNDECLARED_SELECTOR = YES;
				GCC_WARN_UNINITIALIZED_AUTOS = YES_AGGRESSIVE;
				GCC_WARN_UNUSED_FUNCTION = YES;
				GCC_WARN_UNUSED_VARIABLE = YES;
				MTL_ENABLE_DEBUG_INFO = YES;
				ONLY_ACTIVE_ARCH = YES;
				SDKROOT = iphoneos;
				SWIFT_OPTIMIZATION_LEVEL = "-Onone";
				TARGETED_DEVICE_FAMILY = "1,2";
			};
			name = Debug;
		};
		DCD1A9D71B8FC64F00E6DB76 /* Release */ = {
			isa = XCBuildConfiguration;
			buildSettings = {
				ALWAYS_SEARCH_USER_PATHS = NO;
				CLANG_CXX_LANGUAGE_STANDARD = "gnu++0x";
				CLANG_CXX_LIBRARY = "libc++";
				CLANG_ENABLE_MODULES = YES;
				CLANG_ENABLE_OBJC_ARC = YES;
				CLANG_WARN_BLOCK_CAPTURE_AUTORELEASING = YES;
				CLANG_WARN_BOOL_CONVERSION = YES;
				CLANG_WARN_COMMA = YES;
				CLANG_WARN_CONSTANT_CONVERSION = YES;
				CLANG_WARN_DEPRECATED_OBJC_IMPLEMENTATIONS = YES;
				CLANG_WARN_DIRECT_OBJC_ISA_USAGE = YES_ERROR;
				CLANG_WARN_EMPTY_BODY = YES;
				CLANG_WARN_ENUM_CONVERSION = YES;
				CLANG_WARN_INFINITE_RECURSION = YES;
				CLANG_WARN_INT_CONVERSION = YES;
				CLANG_WARN_NON_LITERAL_NULL_CONVERSION = YES;
				CLANG_WARN_OBJC_IMPLICIT_RETAIN_SELF = YES;
				CLANG_WARN_OBJC_LITERAL_CONVERSION = YES;
				CLANG_WARN_OBJC_ROOT_CLASS = YES_ERROR;
				CLANG_WARN_RANGE_LOOP_ANALYSIS = YES;
				CLANG_WARN_STRICT_PROTOTYPES = YES;
				CLANG_WARN_SUSPICIOUS_MOVE = YES;
				CLANG_WARN_UNREACHABLE_CODE = YES;
				CLANG_WARN__DUPLICATE_METHOD_MATCH = YES;
				"CODE_SIGN_IDENTITY[sdk=iphoneos*]" = "iPhone Developer";
				COPY_PHASE_STRIP = NO;
				DEBUG_INFORMATION_FORMAT = "dwarf-with-dsym";
				ENABLE_NS_ASSERTIONS = NO;
				ENABLE_STRICT_OBJC_MSGSEND = YES;
				GCC_C_LANGUAGE_STANDARD = gnu99;
				GCC_NO_COMMON_BLOCKS = YES;
				GCC_WARN_64_TO_32_BIT_CONVERSION = YES;
				GCC_WARN_ABOUT_RETURN_TYPE = YES_ERROR;
				GCC_WARN_UNDECLARED_SELECTOR = YES;
				GCC_WARN_UNINITIALIZED_AUTOS = YES_AGGRESSIVE;
				GCC_WARN_UNUSED_FUNCTION = YES;
				GCC_WARN_UNUSED_VARIABLE = YES;
				MTL_ENABLE_DEBUG_INFO = NO;
				SDKROOT = iphoneos;
				SWIFT_COMPILATION_MODE = wholemodule;
				SWIFT_OPTIMIZATION_LEVEL = "-O";
				TARGETED_DEVICE_FAMILY = "1,2";
				VALIDATE_PRODUCT = YES;
			};
			name = Release;
		};
		DCD1A9D91B8FC64F00E6DB76 /* Debug */ = {
			isa = XCBuildConfiguration;
			baseConfigurationReference = D9ECFD851104A785030ED96A /* Pods-SO-31699439.debug.xcconfig */;
			buildSettings = {
				ASSETCATALOG_COMPILER_APPICON_NAME = AppIcon;
				INFOPLIST_FILE = "SO-31699439/Info.plist";
				LD_RUNPATH_SEARCH_PATHS = (
					"$(inherited)",
					"@executable_path/Frameworks",
				);
				PRODUCT_BUNDLE_IDENTIFIER = "com.swiftarchitect.$(PRODUCT_NAME:rfc1034identifier)";
				PRODUCT_NAME = "$(TARGET_NAME)";
				SWIFT_SWIFT3_OBJC_INFERENCE = Default;
				SWIFT_VERSION = 4.0;
			};
			name = Debug;
		};
		DCD1A9DA1B8FC64F00E6DB76 /* Release */ = {
			isa = XCBuildConfiguration;
			baseConfigurationReference = 559149A49928C3B41341E7A6 /* Pods-SO-31699439.release.xcconfig */;
			buildSettings = {
				ASSETCATALOG_COMPILER_APPICON_NAME = AppIcon;
				INFOPLIST_FILE = "SO-31699439/Info.plist";
				LD_RUNPATH_SEARCH_PATHS = (
					"$(inherited)",
					"@executable_path/Frameworks",
				);
				PRODUCT_BUNDLE_IDENTIFIER = "com.swiftarchitect.$(PRODUCT_NAME:rfc1034identifier)";
				PRODUCT_NAME = "$(TARGET_NAME)";
				SWIFT_SWIFT3_OBJC_INFERENCE = Default;
				SWIFT_VERSION = 4.0;
			};
			name = Release;
		};
/* End XCBuildConfiguration section */

/* Begin XCConfigurationList section */
		DCD1A9B41B8FC64F00E6DB76 /* Build configuration list for PBXProject "SO-31699439" */ = {
			isa = XCConfigurationList;
			buildConfigurations = (
				DCD1A9D61B8FC64F00E6DB76 /* Debug */,
				DCD1A9D71B8FC64F00E6DB76 /* Release */,
			);
			defaultConfigurationIsVisible = 0;
			defaultConfigurationName = Release;
		};
		DCD1A9D81B8FC64F00E6DB76 /* Build configuration list for PBXNativeTarget "SO-31699439" */ = {
			isa = XCConfigurationList;
			buildConfigurations = (
				DCD1A9D91B8FC64F00E6DB76 /* Debug */,
				DCD1A9DA1B8FC64F00E6DB76 /* Release */,
			);
			defaultConfigurationIsVisible = 0;
			defaultConfigurationName = Release;
		};
/* End XCConfigurationList section */
	};
	rootObject = DCD1A9B11B8FC64F00E6DB76 /* Project object */;
}
